// !$*UTF8*$!
{
	archiveVersion = 1;
	classes = {
	};
	objectVersion = 50;
	objects = {

/* Begin PBXBuildFile section */
		55042E9D221DC83C00E8381A /* AppDelegate.swift in Sources */ = {isa = PBXBuildFile; fileRef = 55042E9C221DC83C00E8381A /* AppDelegate.swift */; };
		55042E9F221DC83C00E8381A /* MainVideoViewController.swift in Sources */ = {isa = PBXBuildFile; fileRef = 55042E9E221DC83C00E8381A /* MainVideoViewController.swift */; };
		55042EA2221DC83C00E8381A /* Main.storyboard in Resources */ = {isa = PBXBuildFile; fileRef = 55042EA0221DC83C00E8381A /* Main.storyboard */; };
		55042EA4221DC83D00E8381A /* Assets.xcassets in Resources */ = {isa = PBXBuildFile; fileRef = 55042EA3221DC83D00E8381A /* Assets.xcassets */; };
		55042EA7221DC83D00E8381A /* LaunchScreen.storyboard in Resources */ = {isa = PBXBuildFile; fileRef = 55042EA5221DC83D00E8381A /* LaunchScreen.storyboard */; };
		55042EB2221DC83D00E8381A /* TextRecognition_MLKitTests.swift in Sources */ = {isa = PBXBuildFile; fileRef = 55042EB1221DC83D00E8381A /* TextRecognition_MLKitTests.swift */; };
		55042EBD221DC97C00E8381A /* GoogleService-Info.plist in Resources */ = {isa = PBXBuildFile; fileRef = 55042EBC221DC97C00E8381A /* GoogleService-Info.plist */; };
		55042EC1221DCA4600E8381A /* Measure.swift in Sources */ = {isa = PBXBuildFile; fileRef = 55042EBE221DCA4600E8381A /* Measure.swift */; };
		55042EC2221DCA4600E8381A /* VideoCapture.swift in Sources */ = {isa = PBXBuildFile; fileRef = 55042EBF221DCA4600E8381A /* VideoCapture.swift */; };
		55042EC3221DCA4600E8381A /* DrawingView.swift in Sources */ = {isa = PBXBuildFile; fileRef = 55042EC0221DCA4600E8381A /* DrawingView.swift */; };
		5862A6398B3B660ABFECD717 /* Pods_TextRecognition_MLKitTests.framework in Frameworks */ = {isa = PBXBuildFile; fileRef = CD25E93C7AA6569F8B8261F5 /* Pods_TextRecognition_MLKitTests.framework */; };
		71DA87B922C1A3B8002F6547 /* StaticImageViewController.swift in Sources */ = {isa = PBXBuildFile; fileRef = 71DA87B822C1A3B8002F6547 /* StaticImageViewController.swift */; };
		71EF2DBF22C1AF5B009391C8 /* TextViewController.swift in Sources */ = {isa = PBXBuildFile; fileRef = 71EF2DBE22C1AF5B009391C8 /* TextViewController.swift */; };
		B74FABF178A48FFE3103E75B /* Pods_TextRecognition_MLKit.framework in Frameworks */ = {isa = PBXBuildFile; fileRef = 53519EFE435050BBE175DBB9 /* Pods_TextRecognition_MLKit.framework */; };
/* End PBXBuildFile section */

/* Begin PBXContainerItemProxy section */
		55042EAE221DC83D00E8381A /* PBXContainerItemProxy */ = {
			isa = PBXContainerItemProxy;
			containerPortal = 55042E91221DC83C00E8381A /* Project object */;
			proxyType = 1;
			remoteGlobalIDString = 55042E98221DC83C00E8381A;
			remoteInfo = "TextRecognition-MLKit";
		};
/* End PBXContainerItemProxy section */

/* Begin PBXFileReference section */
		34507B9C2BB022FFA20F12B9 /* Pods-TextRecognition-MLKit.debug.xcconfig */ = {isa = PBXFileReference; includeInIndex = 1; lastKnownFileType = text.xcconfig; name = "Pods-TextRecognition-MLKit.debug.xcconfig"; path = "Pods/Target Support Files/Pods-TextRecognition-MLKit/Pods-TextRecognition-MLKit.debug.xcconfig"; sourceTree = "<group>"; };
		53519EFE435050BBE175DBB9 /* Pods_TextRecognition_MLKit.framework */ = {isa = PBXFileReference; explicitFileType = wrapper.framework; includeInIndex = 0; path = Pods_TextRecognition_MLKit.framework; sourceTree = BUILT_PRODUCTS_DIR; };
		55042E99221DC83C00E8381A /* TextRecognition-MLKit.app */ = {isa = PBXFileReference; explicitFileType = wrapper.application; includeInIndex = 0; path = "TextRecognition-MLKit.app"; sourceTree = BUILT_PRODUCTS_DIR; };
		55042E9C221DC83C00E8381A /* AppDelegate.swift */ = {isa = PBXFileReference; lastKnownFileType = sourcecode.swift; path = AppDelegate.swift; sourceTree = "<group>"; };
		55042E9E221DC83C00E8381A /* MainVideoViewController.swift */ = {isa = PBXFileReference; lastKnownFileType = sourcecode.swift; path = MainVideoViewController.swift; sourceTree = "<group>"; };
		55042EA1221DC83C00E8381A /* Base */ = {isa = PBXFileReference; lastKnownFileType = file.storyboard; name = Base; path = Base.lproj/Main.storyboard; sourceTree = "<group>"; };
		55042EA3221DC83D00E8381A /* Assets.xcassets */ = {isa = PBXFileReference; lastKnownFileType = folder.assetcatalog; path = Assets.xcassets; sourceTree = "<group>"; };
		55042EA6221DC83D00E8381A /* Base */ = {isa = PBXFileReference; lastKnownFileType = file.storyboard; name = Base; path = Base.lproj/LaunchScreen.storyboard; sourceTree = "<group>"; };
		55042EA8221DC83D00E8381A /* Info.plist */ = {isa = PBXFileReference; lastKnownFileType = text.plist.xml; path = Info.plist; sourceTree = "<group>"; };
		55042EAD221DC83D00E8381A /* TextRecognition-MLKitTests.xctest */ = {isa = PBXFileReference; explicitFileType = wrapper.cfbundle; includeInIndex = 0; path = "TextRecognition-MLKitTests.xctest"; sourceTree = BUILT_PRODUCTS_DIR; };
		55042EB1221DC83D00E8381A /* TextRecognition_MLKitTests.swift */ = {isa = PBXFileReference; lastKnownFileType = sourcecode.swift; path = TextRecognition_MLKitTests.swift; sourceTree = "<group>"; };
		55042EB3221DC83D00E8381A /* Info.plist */ = {isa = PBXFileReference; lastKnownFileType = text.plist.xml; path = Info.plist; sourceTree = "<group>"; };
		55042EBC221DC97C00E8381A /* GoogleService-Info.plist */ = {isa = PBXFileReference; fileEncoding = 4; lastKnownFileType = text.plist.xml; path = "GoogleService-Info.plist"; sourceTree = "<group>"; };
		55042EBE221DCA4600E8381A /* Measure.swift */ = {isa = PBXFileReference; fileEncoding = 4; lastKnownFileType = sourcecode.swift; path = Measure.swift; sourceTree = "<group>"; };
		55042EBF221DCA4600E8381A /* VideoCapture.swift */ = {isa = PBXFileReference; fileEncoding = 4; lastKnownFileType = sourcecode.swift; path = VideoCapture.swift; sourceTree = "<group>"; };
		55042EC0221DCA4600E8381A /* DrawingView.swift */ = {isa = PBXFileReference; fileEncoding = 4; lastKnownFileType = sourcecode.swift; path = DrawingView.swift; sourceTree = "<group>"; };
		5EE84454D386B6D214E8651E /* Pods-TextRecognition-MLKitTests.release.xcconfig */ = {isa = PBXFileReference; includeInIndex = 1; lastKnownFileType = text.xcconfig; name = "Pods-TextRecognition-MLKitTests.release.xcconfig"; path = "Pods/Target Support Files/Pods-TextRecognition-MLKitTests/Pods-TextRecognition-MLKitTests.release.xcconfig"; sourceTree = "<group>"; };
		71DA87B822C1A3B8002F6547 /* StaticImageViewController.swift */ = {isa = PBXFileReference; lastKnownFileType = sourcecode.swift; path = StaticImageViewController.swift; sourceTree = "<group>"; };
		71EF2DBE22C1AF5B009391C8 /* TextViewController.swift */ = {isa = PBXFileReference; lastKnownFileType = sourcecode.swift; path = TextViewController.swift; sourceTree = "<group>"; };
		A4AE46A7F6CD8531E5B19028 /* Pods-TextRecognition-MLKitTests.debug.xcconfig */ = {isa = PBXFileReference; includeInIndex = 1; lastKnownFileType = text.xcconfig; name = "Pods-TextRecognition-MLKitTests.debug.xcconfig"; path = "Pods/Target Support Files/Pods-TextRecognition-MLKitTests/Pods-TextRecognition-MLKitTests.debug.xcconfig"; sourceTree = "<group>"; };
		CD25E93C7AA6569F8B8261F5 /* Pods_TextRecognition_MLKitTests.framework */ = {isa = PBXFileReference; explicitFileType = wrapper.framework; includeInIndex = 0; path = Pods_TextRecognition_MLKitTests.framework; sourceTree = BUILT_PRODUCTS_DIR; };
		EF1110CE3CC0BF9126318558 /* Pods-TextRecognition-MLKit.release.xcconfig */ = {isa = PBXFileReference; includeInIndex = 1; lastKnownFileType = text.xcconfig; name = "Pods-TextRecognition-MLKit.release.xcconfig"; path = "Pods/Target Support Files/Pods-TextRecognition-MLKit/Pods-TextRecognition-MLKit.release.xcconfig"; sourceTree = "<group>"; };
/* End PBXFileReference section */

/* Begin PBXFrameworksBuildPhase section */
		55042E96221DC83C00E8381A /* Frameworks */ = {
			isa = PBXFrameworksBuildPhase;
			buildActionMask = 2147483647;
			files = (
				B74FABF178A48FFE3103E75B /* Pods_TextRecognition_MLKit.framework in Frameworks */,
			);
			runOnlyForDeploymentPostprocessing = 0;
		};
		55042EAA221DC83D00E8381A /* Frameworks */ = {
			isa = PBXFrameworksBuildPhase;
			buildActionMask = 2147483647;
			files = (
				5862A6398B3B660ABFECD717 /* Pods_TextRecognition_MLKitTests.framework in Frameworks */,
			);
			runOnlyForDeploymentPostprocessing = 0;
		};
/* End PBXFrameworksBuildPhase section */

/* Begin PBXGroup section */
		55042E90221DC83C00E8381A = {
			isa = PBXGroup;
			children = (
				55042E9B221DC83C00E8381A /* TextRecognition-MLKit */,
				55042EB0221DC83D00E8381A /* TextRecognition-MLKitTests */,
				55042E9A221DC83C00E8381A /* Products */,
				D1E2465BD91E903F2C15E6DE /* Pods */,
				CE484FBEC0A5E0975D66FCC1 /* Frameworks */,
			);
			sourceTree = "<group>";
		};
		55042E9A221DC83C00E8381A /* Products */ = {
			isa = PBXGroup;
			children = (
				55042E99221DC83C00E8381A /* TextRecognition-MLKit.app */,
				55042EAD221DC83D00E8381A /* TextRecognition-MLKitTests.xctest */,
			);
			name = Products;
			sourceTree = "<group>";
		};
		55042E9B221DC83C00E8381A /* TextRecognition-MLKit */ = {
			isa = PBXGroup;
			children = (
				55042E9C221DC83C00E8381A /* AppDelegate.swift */,
				55042E9E221DC83C00E8381A /* MainVideoViewController.swift */,
				71DA87B822C1A3B8002F6547 /* StaticImageViewController.swift */,
				71EF2DBE22C1AF5B009391C8 /* TextViewController.swift */,
				55042EC0221DCA4600E8381A /* DrawingView.swift */,
				55042EBE221DCA4600E8381A /* Measure.swift */,
				55042EBF221DCA4600E8381A /* VideoCapture.swift */,
				55042EA0221DC83C00E8381A /* Main.storyboard */,
				55042EA3221DC83D00E8381A /* Assets.xcassets */,
				55042EA5221DC83D00E8381A /* LaunchScreen.storyboard */,
				55042EA8221DC83D00E8381A /* Info.plist */,
				55042EBC221DC97C00E8381A /* GoogleService-Info.plist */,
			);
			path = "TextRecognition-MLKit";
			sourceTree = "<group>";
		};
		55042EB0221DC83D00E8381A /* TextRecognition-MLKitTests */ = {
			isa = PBXGroup;
			children = (
				55042EB1221DC83D00E8381A /* TextRecognition_MLKitTests.swift */,
				55042EB3221DC83D00E8381A /* Info.plist */,
			);
			path = "TextRecognition-MLKitTests";
			sourceTree = "<group>";
		};
		CE484FBEC0A5E0975D66FCC1 /* Frameworks */ = {
			isa = PBXGroup;
			children = (
				53519EFE435050BBE175DBB9 /* Pods_TextRecognition_MLKit.framework */,
				CD25E93C7AA6569F8B8261F5 /* Pods_TextRecognition_MLKitTests.framework */,
			);
			name = Frameworks;
			sourceTree = "<group>";
		};
		D1E2465BD91E903F2C15E6DE /* Pods */ = {
			isa = PBXGroup;
			children = (
				34507B9C2BB022FFA20F12B9 /* Pods-TextRecognition-MLKit.debug.xcconfig */,
				EF1110CE3CC0BF9126318558 /* Pods-TextRecognition-MLKit.release.xcconfig */,
				A4AE46A7F6CD8531E5B19028 /* Pods-TextRecognition-MLKitTests.debug.xcconfig */,
				5EE84454D386B6D214E8651E /* Pods-TextRecognition-MLKitTests.release.xcconfig */,
			);
			name = Pods;
			sourceTree = "<group>";
		};
/* End PBXGroup section */

/* Begin PBXNativeTarget section */
		55042E98221DC83C00E8381A /* TextRecognition-MLKit */ = {
			isa = PBXNativeTarget;
			buildConfigurationList = 55042EB6221DC83D00E8381A /* Build configuration list for PBXNativeTarget "TextRecognition-MLKit" */;
			buildPhases = (
				FC760D7D23EFC9FECEB823FF /* [CP] Check Pods Manifest.lock */,
				55042E95221DC83C00E8381A /* Sources */,
				55042E96221DC83C00E8381A /* Frameworks */,
				55042E97221DC83C00E8381A /* Resources */,
				14724C6293C573D90DEDB199 /* [CP] Embed Pods Frameworks */,
				6F96EB109B0F2648C627E05F /* [CP] Copy Pods Resources */,
			);
			buildRules = (
			);
			dependencies = (
			);
			name = "TextRecognition-MLKit";
			productName = "TextRecognition-MLKit";
			productReference = 55042E99221DC83C00E8381A /* TextRecognition-MLKit.app */;
			productType = "com.apple.product-type.application";
		};
		55042EAC221DC83D00E8381A /* TextRecognition-MLKitTests */ = {
			isa = PBXNativeTarget;
			buildConfigurationList = 55042EB9221DC83D00E8381A /* Build configuration list for PBXNativeTarget "TextRecognition-MLKitTests" */;
			buildPhases = (
				18E934163F5091190E479761 /* [CP] Check Pods Manifest.lock */,
				55042EA9221DC83D00E8381A /* Sources */,
				55042EAA221DC83D00E8381A /* Frameworks */,
				55042EAB221DC83D00E8381A /* Resources */,
			);
			buildRules = (
			);
			dependencies = (
				55042EAF221DC83D00E8381A /* PBXTargetDependency */,
			);
			name = "TextRecognition-MLKitTests";
			productName = "TextRecognition-MLKitTests";
			productReference = 55042EAD221DC83D00E8381A /* TextRecognition-MLKitTests.xctest */;
			productType = "com.apple.product-type.bundle.unit-test";
		};
/* End PBXNativeTarget section */

/* Begin PBXProject section */
		55042E91221DC83C00E8381A /* Project object */ = {
			isa = PBXProject;
			attributes = {
				LastSwiftUpdateCheck = 1010;
				LastUpgradeCheck = 1010;
				ORGANIZATIONNAME = tucan9389;
				TargetAttributes = {
					55042E98221DC83C00E8381A = {
						CreatedOnToolsVersion = 10.1;
					};
					55042EAC221DC83D00E8381A = {
						CreatedOnToolsVersion = 10.1;
						TestTargetID = 55042E98221DC83C00E8381A;
					};
				};
			};
			buildConfigurationList = 55042E94221DC83C00E8381A /* Build configuration list for PBXProject "TextRecognition-MLKit" */;
			compatibilityVersion = "Xcode 9.3";
			developmentRegion = en;
			hasScannedForEncodings = 0;
			knownRegions = (
				en,
				Base,
			);
			mainGroup = 55042E90221DC83C00E8381A;
			productRefGroup = 55042E9A221DC83C00E8381A /* Products */;
			projectDirPath = "";
			projectRoot = "";
			targets = (
				55042E98221DC83C00E8381A /* TextRecognition-MLKit */,
				55042EAC221DC83D00E8381A /* TextRecognition-MLKitTests */,
			);
		};
/* End PBXProject section */

/* Begin PBXResourcesBuildPhase section */
		55042E97221DC83C00E8381A /* Resources */ = {
			isa = PBXResourcesBuildPhase;
			buildActionMask = 2147483647;
			files = (
				55042EA7221DC83D00E8381A /* LaunchScreen.storyboard in Resources */,
				55042EBD221DC97C00E8381A /* GoogleService-Info.plist in Resources */,
				55042EA4221DC83D00E8381A /* Assets.xcassets in Resources */,
				55042EA2221DC83C00E8381A /* Main.storyboard in Resources */,
			);
			runOnlyForDeploymentPostprocessing = 0;
		};
		55042EAB221DC83D00E8381A /* Resources */ = {
			isa = PBXResourcesBuildPhase;
			buildActionMask = 2147483647;
			files = (
			);
			runOnlyForDeploymentPostprocessing = 0;
		};
/* End PBXResourcesBuildPhase section */

/* Begin PBXShellScriptBuildPhase section */
		14724C6293C573D90DEDB199 /* [CP] Embed Pods Frameworks */ = {
			isa = PBXShellScriptBuildPhase;
			buildActionMask = 2147483647;
			files = (
			);
			inputFileListPaths = (
			);
			inputPaths = (
				"${SRCROOT}/Pods/Target Support Files/Pods-TextRecognition-MLKit/Pods-TextRecognition-MLKit-frameworks.sh",
				"${BUILT_PRODUCTS_DIR}/GTMSessionFetcher/GTMSessionFetcher.framework",
				"${BUILT_PRODUCTS_DIR}/GoogleAPIClientForREST/GoogleAPIClientForREST.framework",
				"${BUILT_PRODUCTS_DIR}/GoogleToolboxForMac/GoogleToolboxForMac.framework",
				"${BUILT_PRODUCTS_DIR}/GoogleUtilities/GoogleUtilities.framework",
				"${BUILT_PRODUCTS_DIR}/Protobuf/Protobuf.framework",
				"${BUILT_PRODUCTS_DIR}/nanopb/nanopb.framework",
			);
			name = "[CP] Embed Pods Frameworks";
			outputFileListPaths = (
			);
			outputPaths = (
				"${TARGET_BUILD_DIR}/${FRAMEWORKS_FOLDER_PATH}/GTMSessionFetcher.framework",
				"${TARGET_BUILD_DIR}/${FRAMEWORKS_FOLDER_PATH}/GoogleAPIClientForREST.framework",
				"${TARGET_BUILD_DIR}/${FRAMEWORKS_FOLDER_PATH}/GoogleToolboxForMac.framework",
				"${TARGET_BUILD_DIR}/${FRAMEWORKS_FOLDER_PATH}/GoogleUtilities.framework",
				"${TARGET_BUILD_DIR}/${FRAMEWORKS_FOLDER_PATH}/Protobuf.framework",
				"${TARGET_BUILD_DIR}/${FRAMEWORKS_FOLDER_PATH}/nanopb.framework",
			);
			runOnlyForDeploymentPostprocessing = 0;
			shellPath = /bin/sh;
			shellScript = "\"${SRCROOT}/Pods/Target Support Files/Pods-TextRecognition-MLKit/Pods-TextRecognition-MLKit-frameworks.sh\"\n";
			showEnvVarsInLog = 0;
		};
		18E934163F5091190E479761 /* [CP] Check Pods Manifest.lock */ = {
			isa = PBXShellScriptBuildPhase;
			buildActionMask = 2147483647;
			files = (
			);
			inputFileListPaths = (
			);
			inputPaths = (
				"${PODS_PODFILE_DIR_PATH}/Podfile.lock",
				"${PODS_ROOT}/Manifest.lock",
			);
			name = "[CP] Check Pods Manifest.lock";
			outputFileListPaths = (
			);
			outputPaths = (
				"$(DERIVED_FILE_DIR)/Pods-TextRecognition-MLKitTests-checkManifestLockResult.txt",
			);
			runOnlyForDeploymentPostprocessing = 0;
			shellPath = /bin/sh;
			shellScript = "diff \"${PODS_PODFILE_DIR_PATH}/Podfile.lock\" \"${PODS_ROOT}/Manifest.lock\" > /dev/null\nif [ $? != 0 ] ; then\n    # print error to STDERR\n    echo \"error: The sandbox is not in sync with the Podfile.lock. Run 'pod install' or update your CocoaPods installation.\" >&2\n    exit 1\nfi\n# This output is used by Xcode 'outputs' to avoid re-running this script phase.\necho \"SUCCESS\" > \"${SCRIPT_OUTPUT_FILE_0}\"\n";
			showEnvVarsInLog = 0;
		};
		6F96EB109B0F2648C627E05F /* [CP] Copy Pods Resources */ = {
			isa = PBXShellScriptBuildPhase;
			buildActionMask = 2147483647;
			files = (
			);
			inputFileListPaths = (
			);
			inputPaths = (
				"${SRCROOT}/Pods/Target Support Files/Pods-TextRecognition-MLKit/Pods-TextRecognition-MLKit-resources.sh",
				"${PODS_CONFIGURATION_BUILD_DIR}/GoogleMobileVision/GoogleMVTextDetectorResources.bundle",
			);
			name = "[CP] Copy Pods Resources";
			outputFileListPaths = (
			);
			outputPaths = (
				"${TARGET_BUILD_DIR}/${UNLOCALIZED_RESOURCES_FOLDER_PATH}/GoogleMVTextDetectorResources.bundle",
			);
			runOnlyForDeploymentPostprocessing = 0;
			shellPath = /bin/sh;
			shellScript = "\"${SRCROOT}/Pods/Target Support Files/Pods-TextRecognition-MLKit/Pods-TextRecognition-MLKit-resources.sh\"\n";
			showEnvVarsInLog = 0;
		};
		FC760D7D23EFC9FECEB823FF /* [CP] Check Pods Manifest.lock */ = {
			isa = PBXShellScriptBuildPhase;
			buildActionMask = 2147483647;
			files = (
			);
			inputFileListPaths = (
			);
			inputPaths = (
				"${PODS_PODFILE_DIR_PATH}/Podfile.lock",
				"${PODS_ROOT}/Manifest.lock",
			);
			name = "[CP] Check Pods Manifest.lock";
			outputFileListPaths = (
			);
			outputPaths = (
				"$(DERIVED_FILE_DIR)/Pods-TextRecognition-MLKit-checkManifestLockResult.txt",
			);
			runOnlyForDeploymentPostprocessing = 0;
			shellPath = /bin/sh;
			shellScript = "diff \"${PODS_PODFILE_DIR_PATH}/Podfile.lock\" \"${PODS_ROOT}/Manifest.lock\" > /dev/null\nif [ $? != 0 ] ; then\n    # print error to STDERR\n    echo \"error: The sandbox is not in sync with the Podfile.lock. Run 'pod install' or update your CocoaPods installation.\" >&2\n    exit 1\nfi\n# This output is used by Xcode 'outputs' to avoid re-running this script phase.\necho \"SUCCESS\" > \"${SCRIPT_OUTPUT_FILE_0}\"\n";
			showEnvVarsInLog = 0;
		};
/* End PBXShellScriptBuildPhase section */

/* Begin PBXSourcesBuildPhase section */
		55042E95221DC83C00E8381A /* Sources */ = {
			isa = PBXSourcesBuildPhase;
			buildActionMask = 2147483647;
			files = (
				55042EC2221DCA4600E8381A /* VideoCapture.swift in Sources */,
				55042E9F221DC83C00E8381A /* MainVideoViewController.swift in Sources */,
				55042EC3221DCA4600E8381A /* DrawingView.swift in Sources */,
				55042E9D221DC83C00E8381A /* AppDelegate.swift in Sources */,
				71DA87B922C1A3B8002F6547 /* StaticImageViewController.swift in Sources */,
				71EF2DBF22C1AF5B009391C8 /* TextViewController.swift in Sources */,
				55042EC1221DCA4600E8381A /* Measure.swift in Sources */,
			);
			runOnlyForDeploymentPostprocessing = 0;
		};
		55042EA9221DC83D00E8381A /* Sources */ = {
			isa = PBXSourcesBuildPhase;
			buildActionMask = 2147483647;
			files = (
				55042EB2221DC83D00E8381A /* TextRecognition_MLKitTests.swift in Sources */,
			);
			runOnlyForDeploymentPostprocessing = 0;
		};
/* End PBXSourcesBuildPhase section */

/* Begin PBXTargetDependency section */
		55042EAF221DC83D00E8381A /* PBXTargetDependency */ = {
			isa = PBXTargetDependency;
			target = 55042E98221DC83C00E8381A /* TextRecognition-MLKit */;
			targetProxy = 55042EAE221DC83D00E8381A /* PBXContainerItemProxy */;
		};
/* End PBXTargetDependency section */

/* Begin PBXVariantGroup section */
		55042EA0221DC83C00E8381A /* Main.storyboard */ = {
			isa = PBXVariantGroup;
			children = (
				55042EA1221DC83C00E8381A /* Base */,
			);
			name = Main.storyboard;
			sourceTree = "<group>";
		};
		55042EA5221DC83D00E8381A /* LaunchScreen.storyboard */ = {
			isa = PBXVariantGroup;
			children = (
				55042EA6221DC83D00E8381A /* Base */,
			);
			name = LaunchScreen.storyboard;
			sourceTree = "<group>";
		};
/* End PBXVariantGroup section */

/* Begin XCBuildConfiguration section */
		55042EB4221DC83D00E8381A /* Debug */ = {
			isa = XCBuildConfiguration;
			buildSettings = {
				ALWAYS_SEARCH_USER_PATHS = NO;
				CLANG_ANALYZER_NONNULL = YES;
				CLANG_ANALYZER_NUMBER_OBJECT_CONVERSION = YES_AGGRESSIVE;
				CLANG_CXX_LANGUAGE_STANDARD = "gnu++14";
				CLANG_CXX_LIBRARY = "libc++";
				CLANG_ENABLE_MODULES = YES;
				CLANG_ENABLE_OBJC_ARC = YES;
				CLANG_ENABLE_OBJC_WEAK = YES;
				CLANG_WARN_BLOCK_CAPTURE_AUTORELEASING = YES;
				CLANG_WARN_BOOL_CONVERSION = YES;
				CLANG_WARN_COMMA = YES;
				CLANG_WARN_CONSTANT_CONVERSION = YES;
				CLANG_WARN_DEPRECATED_OBJC_IMPLEMENTATIONS = YES;
				CLANG_WARN_DIRECT_OBJC_ISA_USAGE = YES_ERROR;
				CLANG_WARN_DOCUMENTATION_COMMENTS = YES;
				CLANG_WARN_EMPTY_BODY = YES;
				CLANG_WARN_ENUM_CONVERSION = YES;
				CLANG_WARN_INFINITE_RECURSION = YES;
				CLANG_WARN_INT_CONVERSION = YES;
				CLANG_WARN_NON_LITERAL_NULL_CONVERSION = YES;
				CLANG_WARN_OBJC_IMPLICIT_RETAIN_SELF = YES;
				CLANG_WARN_OBJC_LITERAL_CONVERSION = YES;
				CLANG_WARN_OBJC_ROOT_CLASS = YES_ERROR;
				CLANG_WARN_RANGE_LOOP_ANALYSIS = YES;
				CLANG_WARN_STRICT_PROTOTYPES = YES;
				CLANG_WARN_SUSPICIOUS_MOVE = YES;
				CLANG_WARN_UNGUARDED_AVAILABILITY = YES_AGGRESSIVE;
				CLANG_WARN_UNREACHABLE_CODE = YES;
				CLANG_WARN__DUPLICATE_METHOD_MATCH = YES;
				CODE_SIGN_IDENTITY = "iPhone Developer";
				COPY_PHASE_STRIP = NO;
				DEBUG_INFORMATION_FORMAT = dwarf;
				ENABLE_STRICT_OBJC_MSGSEND = YES;
				ENABLE_TESTABILITY = YES;
				GCC_C_LANGUAGE_STANDARD = gnu11;
				GCC_DYNAMIC_NO_PIC = NO;
				GCC_NO_COMMON_BLOCKS = YES;
				GCC_OPTIMIZATION_LEVEL = 0;
				GCC_PREPROCESSOR_DEFINITIONS = (
					"DEBUG=1",
					"$(inherited)",
				);
				GCC_WARN_64_TO_32_BIT_CONVERSION = YES;
				GCC_WARN_ABOUT_RETURN_TYPE = YES_ERROR;
				GCC_WARN_UNDECLARED_SELECTOR = YES;
				GCC_WARN_UNINITIALIZED_AUTOS = YES_AGGRESSIVE;
				GCC_WARN_UNUSED_FUNCTION = YES;
				GCC_WARN_UNUSED_VARIABLE = YES;
				IPHONEOS_DEPLOYMENT_TARGET = 12.1;
				MTL_ENABLE_DEBUG_INFO = INCLUDE_SOURCE;
				MTL_FAST_MATH = YES;
				ONLY_ACTIVE_ARCH = YES;
				SDKROOT = iphoneos;
				SWIFT_ACTIVE_COMPILATION_CONDITIONS = DEBUG;
				SWIFT_OPTIMIZATION_LEVEL = "-Onone";
			};
			name = Debug;
		};
		55042EB5221DC83D00E8381A /* Release */ = {
			isa = XCBuildConfiguration;
			buildSettings = {
				ALWAYS_SEARCH_USER_PATHS = NO;
				CLANG_ANALYZER_NONNULL = YES;
				CLANG_ANALYZER_NUMBER_OBJECT_CONVERSION = YES_AGGRESSIVE;
				CLANG_CXX_LANGUAGE_STANDARD = "gnu++14";
				CLANG_CXX_LIBRARY = "libc++";
				CLANG_ENABLE_MODULES = YES;
				CLANG_ENABLE_OBJC_ARC = YES;
				CLANG_ENABLE_OBJC_WEAK = YES;
				CLANG_WARN_BLOCK_CAPTURE_AUTORELEASING = YES;
				CLANG_WARN_BOOL_CONVERSION = YES;
				CLANG_WARN_COMMA = YES;
				CLANG_WARN_CONSTANT_CONVERSION = YES;
				CLANG_WARN_DEPRECATED_OBJC_IMPLEMENTATIONS = YES;
				CLANG_WARN_DIRECT_OBJC_ISA_USAGE = YES_ERROR;
				CLANG_WARN_DOCUMENTATION_COMMENTS = YES;
				CLANG_WARN_EMPTY_BODY = YES;
				CLANG_WARN_ENUM_CONVERSION = YES;
				CLANG_WARN_INFINITE_RECURSION = YES;
				CLANG_WARN_INT_CONVERSION = YES;
				CLANG_WARN_NON_LITERAL_NULL_CONVERSION = YES;
				CLANG_WARN_OBJC_IMPLICIT_RETAIN_SELF = YES;
				CLANG_WARN_OBJC_LITERAL_CONVERSION = YES;
				CLANG_WARN_OBJC_ROOT_CLASS = YES_ERROR;
				CLANG_WARN_RANGE_LOOP_ANALYSIS = YES;
				CLANG_WARN_STRICT_PROTOTYPES = YES;
				CLANG_WARN_SUSPICIOUS_MOVE = YES;
				CLANG_WARN_UNGUARDED_AVAILABILITY = YES_AGGRESSIVE;
				CLANG_WARN_UNREACHABLE_CODE = YES;
				CLANG_WARN__DUPLICATE_METHOD_MATCH = YES;
				CODE_SIGN_IDENTITY = "iPhone Developer";
				COPY_PHASE_STRIP = NO;
				DEBUG_INFORMATION_FORMAT = "dwarf-with-dsym";
				ENABLE_NS_ASSERTIONS = NO;
				ENABLE_STRICT_OBJC_MSGSEND = YES;
				GCC_C_LANGUAGE_STANDARD = gnu11;
				GCC_NO_COMMON_BLOCKS = YES;
				GCC_WARN_64_TO_32_BIT_CONVERSION = YES;
				GCC_WARN_ABOUT_RETURN_TYPE = YES_ERROR;
				GCC_WARN_UNDECLARED_SELECTOR = YES;
				GCC_WARN_UNINITIALIZED_AUTOS = YES_AGGRESSIVE;
				GCC_WARN_UNUSED_FUNCTION = YES;
				GCC_WARN_UNUSED_VARIABLE = YES;
				IPHONEOS_DEPLOYMENT_TARGET = 12.1;
				MTL_ENABLE_DEBUG_INFO = NO;
				MTL_FAST_MATH = YES;
				SDKROOT = iphoneos;
				SWIFT_COMPILATION_MODE = wholemodule;
				SWIFT_OPTIMIZATION_LEVEL = "-O";
				VALIDATE_PRODUCT = YES;
			};
			name = Release;
		};
		55042EB7221DC83D00E8381A /* Debug */ = {
			isa = XCBuildConfiguration;
			baseConfigurationReference = 34507B9C2BB022FFA20F12B9 /* Pods-TextRecognition-MLKit.debug.xcconfig */;
			buildSettings = {
				ASSETCATALOG_COMPILER_APPICON_NAME = AppIcon;
				CODE_SIGN_STYLE = Automatic;
				DEVELOPMENT_TEAM = 5WXJ4Z4H69;
				INFOPLIST_FILE = "TextRecognition-MLKit/Info.plist";
				LD_RUNPATH_SEARCH_PATHS = (
					"$(inherited)",
					"@executable_path/Frameworks",
				);
				PRODUCT_BUNDLE_IDENTIFIER = "com.tucan9389.textrecognition-mlkit";
				PRODUCT_NAME = "$(TARGET_NAME)";
				SWIFT_VERSION = 4.2;
				TARGETED_DEVICE_FAMILY = "1,2";
			};
			name = Debug;
		};
		55042EB8221DC83D00E8381A /* Release */ = {
			isa = XCBuildConfiguration;
			baseConfigurationReference = EF1110CE3CC0BF9126318558 /* Pods-TextRecognition-MLKit.release.xcconfig */;
			buildSettings = {
				ASSETCATALOG_COMPILER_APPICON_NAME = AppIcon;
				CODE_SIGN_STYLE = Automatic;
				DEVELOPMENT_TEAM = 5WXJ4Z4H69;
				INFOPLIST_FILE = "TextRecognition-MLKit/Info.plist";
				LD_RUNPATH_SEARCH_PATHS = (
					"$(inherited)",
					"@executable_path/Frameworks",
				);
				PRODUCT_BUNDLE_IDENTIFIER = "com.tucan9389.textrecognition-mlkit";
				PRODUCT_NAME = "$(TARGET_NAME)";
				SWIFT_VERSION = 4.2;
				TARGETED_DEVICE_FAMILY = "1,2";
			};
			name = Release;
		};
		55042EBA221DC83D00E8381A /* Debug */ = {
			isa = XCBuildConfiguration;
			baseConfigurationReference = A4AE46A7F6CD8531E5B19028 /* Pods-TextRecognition-MLKitTests.debug.xcconfig */;
			buildSettings = {
				ALWAYS_EMBED_SWIFT_STANDARD_LIBRARIES = YES;
				BUNDLE_LOADER = "$(TEST_HOST)";
				CODE_SIGN_STYLE = Automatic;
				DEVELOPMENT_TEAM = 5WXJ4Z4H69;
				INFOPLIST_FILE = "TextRecognition-MLKitTests/Info.plist";
				LD_RUNPATH_SEARCH_PATHS = (
					"$(inherited)",
					"@executable_path/Frameworks",
					"@loader_path/Frameworks",
				);
				PRODUCT_BUNDLE_IDENTIFIER = "com.tucan9389.TextRecognition-MLKitTests";
				PRODUCT_NAME = "$(TARGET_NAME)";
				SWIFT_VERSION = 4.2;
				TARGETED_DEVICE_FAMILY = "1,2";
				TEST_HOST = "$(BUILT_PRODUCTS_DIR)/TextRecognition-MLKit.app/TextRecognition-MLKit";
			};
			name = Debug;
		};
		55042EBB221DC83D00E8381A /* Release */ = {
			isa = XCBuildConfiguration;
			baseConfigurationReference = 5EE84454D386B6D214E8651E /* Pods-TextRecognition-MLKitTests.release.xcconfig */;
			buildSettings = {
				ALWAYS_EMBED_SWIFT_STANDARD_LIBRARIES = YES;
				BUNDLE_LOADER = "$(TEST_HOST)";
				CODE_SIGN_STYLE = Automatic;
				DEVELOPMENT_TEAM = 5WXJ4Z4H69;
				INFOPLIST_FILE = "TextRecognition-MLKitTests/Info.plist";
				LD_RUNPATH_SEARCH_PATHS = (
					"$(inherited)",
					"@executable_path/Frameworks",
					"@loader_path/Frameworks",
				);
				PRODUCT_BUNDLE_IDENTIFIER = "com.tucan9389.TextRecognition-MLKitTests";
				PRODUCT_NAME = "$(TARGET_NAME)";
				SWIFT_VERSION = 4.2;
				TARGETED_DEVICE_FAMILY = "1,2";
				TEST_HOST = "$(BUILT_PRODUCTS_DIR)/TextRecognition-MLKit.app/TextRecognition-MLKit";
			};
			name = Release;
		};
/* End XCBuildConfiguration section */

/* Begin XCConfigurationList section */
		55042E94221DC83C00E8381A /* Build configuration list for PBXProject "TextRecognition-MLKit" */ = {
			isa = XCConfigurationList;
			buildConfigurations = (
				55042EB4221DC83D00E8381A /* Debug */,
				55042EB5221DC83D00E8381A /* Release */,
			);
			defaultConfigurationIsVisible = 0;
			defaultConfigurationName = Release;
		};
		55042EB6221DC83D00E8381A /* Build configuration list for PBXNativeTarget "TextRecognition-MLKit" */ = {
			isa = XCConfigurationList;
			buildConfigurations = (
				55042EB7221DC83D00E8381A /* Debug */,
				55042EB8221DC83D00E8381A /* Release */,
			);
			defaultConfigurationIsVisible = 0;
			defaultConfigurationName = Release;
		};
		55042EB9221DC83D00E8381A /* Build configuration list for PBXNativeTarget "TextRecognition-MLKitTests" */ = {
			isa = XCConfigurationList;
			buildConfigurations = (
				55042EBA221DC83D00E8381A /* Debug */,
				55042EBB221DC83D00E8381A /* Release */,
			);
			defaultConfigurationIsVisible = 0;
			defaultConfigurationName = Release;
		};
/* End XCConfigurationList section */
	};
	rootObject = 55042E91221DC83C00E8381A /* Project object */;
}
